
Microsoft Visual Studio Solution File, Format Version 12.00
# Visual Studio Version 17
VisualStudioVersion = 17.14.36414.22
MinimumVisualStudioVersion = 10.0.40219.1
Project("{FAE04EC0-301F-11D3-BF4B-00C04F79EFBC}") = "BookMyHome", "BookMyHome\BookMyHome\BookMyHome.csproj", "{7B930EDE-EAF2-4E55-860E-6925D5514F0E}"
EndProject
Project("{FAE04EC0-301F-11D3-BF4B-00C04F79EFBC}") = "BookMyHome.Client", "BookMyHome\BookMyHome.Client\BookMyHome.Client.csproj", "{4217489B-583A-494F-89AF-23C761BD77BD}"
EndProject
Project("{FAE04EC0-301F-11D3-BF4B-00C04F79EFBC}") = "Application", "Application\Application.csproj", "{475D5C11-2C13-48AC-8641-ABA7E2DBBE90}"
EndProject
Project("{FAE04EC0-301F-11D3-BF4B-00C04F79EFBC}") = "Common", "Common\Common.csproj", "{6C30C8B5-9FFF-478C-9BCB-7482A06B758F}"
EndProject
Project("{FAE04EC0-301F-11D3-BF4B-00C04F79EFBC}") = "Domain", "Domain\Domain.csproj", "{EE77BEB9-BDEA-4E48-93BF-4898E494F642}"
EndProject
Project("{FAE04EC0-301F-11D3-BF4B-00C04F79EFBC}") = "Persistence", "Persistence\Persistence.csproj", "{FB578310-0219-4EE6-8D44-7F3C30687293}"
EndProject
Project("{FAE04EC0-301F-11D3-BF4B-00C04F79EFBC}") = "Service", "Service\Service.csproj", "{256EB1D7-1636-433D-BA09-1861C234BB39}"
EndProject
Project("{FAE04EC0-301F-11D3-BF4B-00C04F79EFBC}") = "xUnitTests", "xUnitTests\xUnitTests.csproj", "{B5195D52-66C2-4878-9083-9AF548D486FE}"
EndProject
Global
	GlobalSection(SolutionConfigurationPlatforms) = preSolution
		Debug|Any CPU = Debug|Any CPU
		Release|Any CPU = Release|Any CPU
	EndGlobalSection
	GlobalSection(ProjectConfigurationPlatforms) = postSolution
		{7B930EDE-EAF2-4E55-860E-6925D5514F0E}.Debug|Any CPU.ActiveCfg = Debug|Any CPU
		{7B930EDE-EAF2-4E55-860E-6925D5514F0E}.Debug|Any CPU.Build.0 = Debug|Any CPU
		{7B930EDE-EAF2-4E55-860E-6925D5514F0E}.Release|Any CPU.ActiveCfg = Release|Any CPU
		{7B930EDE-EAF2-4E55-860E-6925D5514F0E}.Release|Any CPU.Build.0 = Release|Any CPU
		{4217489B-583A-494F-89AF-23C761BD77BD}.Debug|Any CPU.ActiveCfg = Debug|Any CPU
		{4217489B-583A-494F-89AF-23C761BD77BD}.Debug|Any CPU.Build.0 = Debug|Any CPU
		{4217489B-583A-494F-89AF-23C761BD77BD}.Release|Any CPU.ActiveCfg = Release|Any CPU
		{4217489B-583A-494F-89AF-23C761BD77BD}.Release|Any CPU.Build.0 = Release|Any CPU
		{475D5C11-2C13-48AC-8641-ABA7E2DBBE90}.Debug|Any CPU.ActiveCfg = Debug|Any CPU
		{475D5C11-2C13-48AC-8641-ABA7E2DBBE90}.Debug|Any CPU.Build.0 = Debug|Any CPU
		{475D5C11-2C13-48AC-8641-ABA7E2DBBE90}.Release|Any CPU.ActiveCfg = Release|Any CPU
		{475D5C11-2C13-48AC-8641-ABA7E2DBBE90}.Release|Any CPU.Build.0 = Release|Any CPU
		{6C30C8B5-9FFF-478C-9BCB-7482A06B758F}.Debug|Any CPU.ActiveCfg = Debug|Any CPU
		{6C30C8B5-9FFF-478C-9BCB-7482A06B758F}.Debug|Any CPU.Build.0 = Debug|Any CPU
		{6C30C8B5-9FFF-478C-9BCB-7482A06B758F}.Release|Any CPU.ActiveCfg = Release|Any CPU
		{6C30C8B5-9FFF-478C-9BCB-7482A06B758F}.Release|Any CPU.Build.0 = Release|Any CPU
		{EE77BEB9-BDEA-4E48-93BF-4898E494F642}.Debug|Any CPU.ActiveCfg = Debug|Any CPU
		{EE77BEB9-BDEA-4E48-93BF-4898E494F642}.Debug|Any CPU.Build.0 = Debug|Any CPU
		{EE77BEB9-BDEA-4E48-93BF-4898E494F642}.Release|Any CPU.ActiveCfg = Release|Any CPU
		{EE77BEB9-BDEA-4E48-93BF-4898E494F642}.Release|Any CPU.Build.0 = Release|Any CPU
		{FB578310-0219-4EE6-8D44-7F3C30687293}.Debug|Any CPU.ActiveCfg = Debug|Any CPU
		{FB578310-0219-4EE6-8D44-7F3C30687293}.Debug|Any CPU.Build.0 = Debug|Any CPU
		{FB578310-0219-4EE6-8D44-7F3C30687293}.Release|Any CPU.ActiveCfg = Release|Any CPU
		{FB578310-0219-4EE6-8D44-7F3C30687293}.Release|Any CPU.Build.0 = Release|Any CPU
		{256EB1D7-1636-433D-BA09-1861C234BB39}.Debug|Any CPU.ActiveCfg = Debug|Any CPU
		{256EB1D7-1636-433D-BA09-1861C234BB39}.Debug|Any CPU.Build.0 = Debug|Any CPU
		{256EB1D7-1636-433D-BA09-1861C234BB39}.Release|Any CPU.ActiveCfg = Release|Any CPU
		{256EB1D7-1636-433D-BA09-1861C234BB39}.Release|Any CPU.Build.0 = Release|Any CPU
		{B5195D52-66C2-4878-9083-9AF548D486FE}.Debug|Any CPU.ActiveCfg = Debug|Any CPU
		{B5195D52-66C2-4878-9083-9AF548D486FE}.Debug|Any CPU.Build.0 = Debug|Any CPU
		{B5195D52-66C2-4878-9083-9AF548D486FE}.Release|Any CPU.ActiveCfg = Release|Any CPU
		{B5195D52-66C2-4878-9083-9AF548D486FE}.Release|Any CPU.Build.0 = Release|Any CPU
	EndGlobalSection
	GlobalSection(SolutionProperties) = preSolution
		HideSolutionNode = FALSE
	EndGlobalSection
	GlobalSection(ExtensibilityGlobals) = postSolution
		SolutionGuid = {6EB4AB92-4733-4BD5-90AC-3CE02D21152F}
	EndGlobalSection
EndGlobal
